// !$*UTF8*$!
{
	archiveVersion = 1;
	classes = {
	};
	objectVersion = 50;
	objects = {

/* Begin PBXBuildFile section */
		4B363C2D26078F9B008CBEAC /* AppDelegate.swift in Sources */ = {isa = PBXBuildFile; fileRef = 4B363C2C26078F9B008CBEAC /* AppDelegate.swift */; };
		4B363C2F26078F9B008CBEAC /* SceneDelegate.swift in Sources */ = {isa = PBXBuildFile; fileRef = 4B363C2E26078F9B008CBEAC /* SceneDelegate.swift */; };
		4B363C3126078F9B008CBEAC /* ElementsViewController.swift in Sources */ = {isa = PBXBuildFile; fileRef = 4B363C3026078F9B008CBEAC /* ElementsViewController.swift */; };
		4B363C3426078F9B008CBEAC /* Main.storyboard in Resources */ = {isa = PBXBuildFile; fileRef = 4B363C3226078F9B008CBEAC /* Main.storyboard */; };
		4B363C3626078F9E008CBEAC /* Assets.xcassets in Resources */ = {isa = PBXBuildFile; fileRef = 4B363C3526078F9E008CBEAC /* Assets.xcassets */; };
		4B363C3926078F9E008CBEAC /* LaunchScreen.storyboard in Resources */ = {isa = PBXBuildFile; fileRef = 4B363C3726078F9E008CBEAC /* LaunchScreen.storyboard */; };
		4B363C44260792CE008CBEAC /* BitBucketResponseModel.swift in Sources */ = {isa = PBXBuildFile; fileRef = 4B363C43260792CE008CBEAC /* BitBucketResponseModel.swift */; };
		4B363C4826079608008CBEAC /* GitHubResponseModel.swift in Sources */ = {isa = PBXBuildFile; fileRef = 4B363C4726079608008CBEAC /* GitHubResponseModel.swift */; };
		4B363C542607AA0E008CBEAC /* NetworkError.swift in Sources */ = {isa = PBXBuildFile; fileRef = 4B363C4F2607AA0E008CBEAC /* NetworkError.swift */; };
		4B363C552607AA0E008CBEAC /* APIClient.swift in Sources */ = {isa = PBXBuildFile; fileRef = 4B363C502607AA0E008CBEAC /* APIClient.swift */; };
		4B363C562607AA0E008CBEAC /* APIRouter.swift in Sources */ = {isa = PBXBuildFile; fileRef = 4B363C512607AA0E008CBEAC /* APIRouter.swift */; };
		4B363C572607AA0E008CBEAC /* Router.swift in Sources */ = {isa = PBXBuildFile; fileRef = 4B363C522607AA0E008CBEAC /* Router.swift */; };
		4B363C582607AA0E008CBEAC /* ElementAPIClient.swift in Sources */ = {isa = PBXBuildFile; fileRef = 4B363C532607AA0E008CBEAC /* ElementAPIClient.swift */; };
		4B363C5D2607AA6B008CBEAC /* BitBucketModel.swift in Sources */ = {isa = PBXBuildFile; fileRef = 4B363C5C2607AA6B008CBEAC /* BitBucketModel.swift */; };
		4B363C602607AA81008CBEAC /* GitHubModel.swift in Sources */ = {isa = PBXBuildFile; fileRef = 4B363C5F2607AA81008CBEAC /* GitHubModel.swift */; };
		4B363C662607AAAB008CBEAC /* NSObject.swift in Sources */ = {isa = PBXBuildFile; fileRef = 4B363C632607AAAB008CBEAC /* NSObject.swift */; };
		4B363C672607AAAB008CBEAC /* UIImageView.swift in Sources */ = {isa = PBXBuildFile; fileRef = 4B363C642607AAAB008CBEAC /* UIImageView.swift */; };
		4B363C682607AAAB008CBEAC /* UIStoryBoard.swift in Sources */ = {isa = PBXBuildFile; fileRef = 4B363C652607AAAB008CBEAC /* UIStoryBoard.swift */; };
		4B363C6B2607AAEB008CBEAC /* ElementDetailsViewController.swift in Sources */ = {isa = PBXBuildFile; fileRef = 4B363C6A2607AAEB008CBEAC /* ElementDetailsViewController.swift */; };
		4B363C702607B377008CBEAC /* ElementCell.swift in Sources */ = {isa = PBXBuildFile; fileRef = 4B363C6F2607B377008CBEAC /* ElementCell.swift */; };
		4B363C762607B9AA008CBEAC /* ElementType.swift in Sources */ = {isa = PBXBuildFile; fileRef = 4B363C752607B9AA008CBEAC /* ElementType.swift */; };
		4B363C7D2607D3E4008CBEAC /* ElementsViewModel.swift in Sources */ = {isa = PBXBuildFile; fileRef = 4B363C7C2607D3E4008CBEAC /* ElementsViewModel.swift */; };
		4B363C822607D47E008CBEAC /* BitBucketMapper.swift in Sources */ = {isa = PBXBuildFile; fileRef = 4B363C812607D47E008CBEAC /* BitBucketMapper.swift */; };
		4B363C852607D48A008CBEAC /* GitHubMapper.swift in Sources */ = {isa = PBXBuildFile; fileRef = 4B363C842607D48A008CBEAC /* GitHubMapper.swift */; };
/* End PBXBuildFile section */

/* Begin PBXFileReference section */
		4B363C2926078F9B008CBEAC /* RepositoryList.app */ = {isa = PBXFileReference; explicitFileType = wrapper.application; includeInIndex = 0; path = RepositoryList.app; sourceTree = BUILT_PRODUCTS_DIR; };
		4B363C2C26078F9B008CBEAC /* AppDelegate.swift */ = {isa = PBXFileReference; lastKnownFileType = sourcecode.swift; path = AppDelegate.swift; sourceTree = "<group>"; };
		4B363C2E26078F9B008CBEAC /* SceneDelegate.swift */ = {isa = PBXFileReference; lastKnownFileType = sourcecode.swift; path = SceneDelegate.swift; sourceTree = "<group>"; };
		4B363C3026078F9B008CBEAC /* ElementsViewController.swift */ = {isa = PBXFileReference; lastKnownFileType = sourcecode.swift; path = ElementsViewController.swift; sourceTree = "<group>"; };
		4B363C3326078F9B008CBEAC /* Base */ = {isa = PBXFileReference; lastKnownFileType = file.storyboard; name = Base; path = Base.lproj/Main.storyboard; sourceTree = "<group>"; };
		4B363C3526078F9E008CBEAC /* Assets.xcassets */ = {isa = PBXFileReference; lastKnownFileType = folder.assetcatalog; path = Assets.xcassets; sourceTree = "<group>"; };
		4B363C3826078F9E008CBEAC /* Base */ = {isa = PBXFileReference; lastKnownFileType = file.storyboard; name = Base; path = Base.lproj/LaunchScreen.storyboard; sourceTree = "<group>"; };
		4B363C3A26078F9E008CBEAC /* Info.plist */ = {isa = PBXFileReference; lastKnownFileType = text.plist.xml; path = Info.plist; sourceTree = "<group>"; };
		4B363C43260792CE008CBEAC /* BitBucketResponseModel.swift */ = {isa = PBXFileReference; lastKnownFileType = sourcecode.swift; path = BitBucketResponseModel.swift; sourceTree = "<group>"; };
		4B363C4726079608008CBEAC /* GitHubResponseModel.swift */ = {isa = PBXFileReference; lastKnownFileType = sourcecode.swift; path = GitHubResponseModel.swift; sourceTree = "<group>"; };
		4B363C4F2607AA0E008CBEAC /* NetworkError.swift */ = {isa = PBXFileReference; fileEncoding = 4; lastKnownFileType = sourcecode.swift; path = NetworkError.swift; sourceTree = "<group>"; };
		4B363C502607AA0E008CBEAC /* APIClient.swift */ = {isa = PBXFileReference; fileEncoding = 4; lastKnownFileType = sourcecode.swift; path = APIClient.swift; sourceTree = "<group>"; };
		4B363C512607AA0E008CBEAC /* APIRouter.swift */ = {isa = PBXFileReference; fileEncoding = 4; lastKnownFileType = sourcecode.swift; path = APIRouter.swift; sourceTree = "<group>"; };
		4B363C522607AA0E008CBEAC /* Router.swift */ = {isa = PBXFileReference; fileEncoding = 4; lastKnownFileType = sourcecode.swift; path = Router.swift; sourceTree = "<group>"; };
		4B363C532607AA0E008CBEAC /* ElementAPIClient.swift */ = {isa = PBXFileReference; fileEncoding = 4; lastKnownFileType = sourcecode.swift; path = ElementAPIClient.swift; sourceTree = "<group>"; };
		4B363C5C2607AA6B008CBEAC /* BitBucketModel.swift */ = {isa = PBXFileReference; lastKnownFileType = sourcecode.swift; path = BitBucketModel.swift; sourceTree = "<group>"; };
		4B363C5F2607AA81008CBEAC /* GitHubModel.swift */ = {isa = PBXFileReference; lastKnownFileType = sourcecode.swift; path = GitHubModel.swift; sourceTree = "<group>"; };
		4B363C632607AAAB008CBEAC /* NSObject.swift */ = {isa = PBXFileReference; fileEncoding = 4; lastKnownFileType = sourcecode.swift; path = NSObject.swift; sourceTree = "<group>"; };
		4B363C642607AAAB008CBEAC /* UIImageView.swift */ = {isa = PBXFileReference; fileEncoding = 4; lastKnownFileType = sourcecode.swift; path = UIImageView.swift; sourceTree = "<group>"; };
		4B363C652607AAAB008CBEAC /* UIStoryBoard.swift */ = {isa = PBXFileReference; fileEncoding = 4; lastKnownFileType = sourcecode.swift; path = UIStoryBoard.swift; sourceTree = "<group>"; };
		4B363C6A2607AAEB008CBEAC /* ElementDetailsViewController.swift */ = {isa = PBXFileReference; lastKnownFileType = sourcecode.swift; path = ElementDetailsViewController.swift; sourceTree = "<group>"; };
		4B363C6F2607B377008CBEAC /* ElementCell.swift */ = {isa = PBXFileReference; lastKnownFileType = sourcecode.swift; path = ElementCell.swift; sourceTree = "<group>"; };
		4B363C752607B9AA008CBEAC /* ElementType.swift */ = {isa = PBXFileReference; lastKnownFileType = sourcecode.swift; path = ElementType.swift; sourceTree = "<group>"; };
		4B363C7C2607D3E4008CBEAC /* ElementsViewModel.swift */ = {isa = PBXFileReference; lastKnownFileType = sourcecode.swift; path = ElementsViewModel.swift; sourceTree = "<group>"; };
		4B363C812607D47E008CBEAC /* BitBucketMapper.swift */ = {isa = PBXFileReference; lastKnownFileType = sourcecode.swift; path = BitBucketMapper.swift; sourceTree = "<group>"; };
		4B363C842607D48A008CBEAC /* GitHubMapper.swift */ = {isa = PBXFileReference; lastKnownFileType = sourcecode.swift; path = GitHubMapper.swift; sourceTree = "<group>"; };
/* End PBXFileReference section */

/* Begin PBXFrameworksBuildPhase section */
		4B363C2626078F9B008CBEAC /* Frameworks */ = {
			isa = PBXFrameworksBuildPhase;
			buildActionMask = 2147483647;
			files = (
			);
			runOnlyForDeploymentPostprocessing = 0;
		};
/* End PBXFrameworksBuildPhase section */

/* Begin PBXGroup section */
		4B363C2026078F9B008CBEAC = {
			isa = PBXGroup;
			children = (
				4B363C2B26078F9B008CBEAC /* RepositoryList */,
				4B363C2A26078F9B008CBEAC /* Products */,
			);
			sourceTree = "<group>";
		};
		4B363C2A26078F9B008CBEAC /* Products */ = {
			isa = PBXGroup;
			children = (
				4B363C2926078F9B008CBEAC /* RepositoryList.app */,
			);
			name = Products;
			sourceTree = "<group>";
		};
		4B363C2B26078F9B008CBEAC /* RepositoryList */ = {
			isa = PBXGroup;
			children = (
				4B363C2C26078F9B008CBEAC /* AppDelegate.swift */,
				4B363C2E26078F9B008CBEAC /* SceneDelegate.swift */,
				4B363C6E2607B35D008CBEAC /* Cell */,
				4B363C4D2607A9C4008CBEAC /* ViewControllers */,
				4B363C7B2607D3BF008CBEAC /* ViewModels */,
				4B363C422607929C008CBEAC /* ResponseModels */,
				4B363C5A2607AA1C008CBEAC /* Models */,
				4B363C4E2607A9D6008CBEAC /* Networking */,
				4B363C802607D466008CBEAC /* Mappers */,
				4B363C622607AA90008CBEAC /* Extensions */,
				4B363C752607B9AA008CBEAC /* ElementType.swift */,
				4B363C3226078F9B008CBEAC /* Main.storyboard */,
				4B363C3526078F9E008CBEAC /* Assets.xcassets */,
				4B363C3726078F9E008CBEAC /* LaunchScreen.storyboard */,
				4B363C3A26078F9E008CBEAC /* Info.plist */,
			);
			path = RepositoryList;
			sourceTree = "<group>";
		};
		4B363C422607929C008CBEAC /* ResponseModels */ = {
			isa = PBXGroup;
			children = (
				4B363C43260792CE008CBEAC /* BitBucketResponseModel.swift */,
				4B363C4726079608008CBEAC /* GitHubResponseModel.swift */,
			);
			path = ResponseModels;
			sourceTree = "<group>";
		};
		4B363C4D2607A9C4008CBEAC /* ViewControllers */ = {
			isa = PBXGroup;
			children = (
				4B363C3026078F9B008CBEAC /* ElementsViewController.swift */,
				4B363C6A2607AAEB008CBEAC /* ElementDetailsViewController.swift */,
			);
			path = ViewControllers;
			sourceTree = "<group>";
		};
		4B363C4E2607A9D6008CBEAC /* Networking */ = {
			isa = PBXGroup;
			children = (
				4B363C502607AA0E008CBEAC /* APIClient.swift */,
				4B363C512607AA0E008CBEAC /* APIRouter.swift */,
				4B363C532607AA0E008CBEAC /* ElementAPIClient.swift */,
				4B363C4F2607AA0E008CBEAC /* NetworkError.swift */,
				4B363C522607AA0E008CBEAC /* Router.swift */,
			);
			path = Networking;
			sourceTree = "<group>";
		};
		4B363C5A2607AA1C008CBEAC /* Models */ = {
			isa = PBXGroup;
			children = (
				4B363C5C2607AA6B008CBEAC /* BitBucketModel.swift */,
				4B363C5F2607AA81008CBEAC /* GitHubModel.swift */,
			);
			path = Models;
			sourceTree = "<group>";
		};
		4B363C622607AA90008CBEAC /* Extensions */ = {
			isa = PBXGroup;
			children = (
				4B363C632607AAAB008CBEAC /* NSObject.swift */,
				4B363C642607AAAB008CBEAC /* UIImageView.swift */,
				4B363C652607AAAB008CBEAC /* UIStoryBoard.swift */,
			);
			path = Extensions;
			sourceTree = "<group>";
		};
		4B363C6E2607B35D008CBEAC /* Cell */ = {
			isa = PBXGroup;
			children = (
				4B363C6F2607B377008CBEAC /* ElementCell.swift */,
			);
			path = Cell;
			sourceTree = "<group>";
		};
		4B363C7B2607D3BF008CBEAC /* ViewModels */ = {
			isa = PBXGroup;
			children = (
				4B363C7C2607D3E4008CBEAC /* ElementsViewModel.swift */,
			);
			path = ViewModels;
			sourceTree = "<group>";
		};
		4B363C802607D466008CBEAC /* Mappers */ = {
			isa = PBXGroup;
			children = (
				4B363C812607D47E008CBEAC /* BitBucketMapper.swift */,
				4B363C842607D48A008CBEAC /* GitHubMapper.swift */,
			);
			path = Mappers;
			sourceTree = "<group>";
		};
/* End PBXGroup section */

/* Begin PBXNativeTarget section */
		4B363C2826078F9B008CBEAC /* RepositoryList */ = {
			isa = PBXNativeTarget;
			buildConfigurationList = 4B363C3D26078F9E008CBEAC /* Build configuration list for PBXNativeTarget "RepositoryList" */;
			buildPhases = (
				4B363C2526078F9B008CBEAC /* Sources */,
				4B363C2626078F9B008CBEAC /* Frameworks */,
				4B363C2726078F9B008CBEAC /* Resources */,
			);
			buildRules = (
			);
			dependencies = (
			);
			name = RepositoryList;
			productName = RepositoryList;
			productReference = 4B363C2926078F9B008CBEAC /* RepositoryList.app */;
			productType = "com.apple.product-type.application";
		};
/* End PBXNativeTarget section */

/* Begin PBXProject section */
		4B363C2126078F9B008CBEAC /* Project object */ = {
			isa = PBXProject;
			attributes = {
				LastSwiftUpdateCheck = 1240;
				LastUpgradeCheck = 1240;
				TargetAttributes = {
					4B363C2826078F9B008CBEAC = {
						CreatedOnToolsVersion = 12.4;
					};
				};
			};
			buildConfigurationList = 4B363C2426078F9B008CBEAC /* Build configuration list for PBXProject "RepositoryList" */;
			compatibilityVersion = "Xcode 9.3";
			developmentRegion = en;
			hasScannedForEncodings = 0;
			knownRegions = (
				en,
				Base,
			);
			mainGroup = 4B363C2026078F9B008CBEAC;
			productRefGroup = 4B363C2A26078F9B008CBEAC /* Products */;
			projectDirPath = "";
			projectRoot = "";
			targets = (
				4B363C2826078F9B008CBEAC /* RepositoryList */,
			);
		};
/* End PBXProject section */

/* Begin PBXResourcesBuildPhase section */
		4B363C2726078F9B008CBEAC /* Resources */ = {
			isa = PBXResourcesBuildPhase;
			buildActionMask = 2147483647;
			files = (
				4B363C3926078F9E008CBEAC /* LaunchScreen.storyboard in Resources */,
				4B363C3626078F9E008CBEAC /* Assets.xcassets in Resources */,
				4B363C3426078F9B008CBEAC /* Main.storyboard in Resources */,
			);
			runOnlyForDeploymentPostprocessing = 0;
		};
/* End PBXResourcesBuildPhase section */

/* Begin PBXSourcesBuildPhase section */
		4B363C2526078F9B008CBEAC /* Sources */ = {
			isa = PBXSourcesBuildPhase;
			buildActionMask = 2147483647;
			files = (
				4B363C44260792CE008CBEAC /* BitBucketResponseModel.swift in Sources */,
				4B363C552607AA0E008CBEAC /* APIClient.swift in Sources */,
				4B363C672607AAAB008CBEAC /* UIImageView.swift in Sources */,
				4B363C3126078F9B008CBEAC /* ElementsViewController.swift in Sources */,
				4B363C5D2607AA6B008CBEAC /* BitBucketModel.swift in Sources */,
				4B363C4826079608008CBEAC /* GitHubResponseModel.swift in Sources */,
				4B363C822607D47E008CBEAC /* BitBucketMapper.swift in Sources */,
				4B363C682607AAAB008CBEAC /* UIStoryBoard.swift in Sources */,
				4B363C572607AA0E008CBEAC /* Router.swift in Sources */,
				4B363C762607B9AA008CBEAC /* ElementType.swift in Sources */,
				4B363C542607AA0E008CBEAC /* NetworkError.swift in Sources */,
				4B363C702607B377008CBEAC /* ElementCell.swift in Sources */,
				4B363C582607AA0E008CBEAC /* ElementAPIClient.swift in Sources */,
				4B363C7D2607D3E4008CBEAC /* ElementsViewModel.swift in Sources */,
				4B363C662607AAAB008CBEAC /* NSObject.swift in Sources */,
				4B363C602607AA81008CBEAC /* GitHubModel.swift in Sources */,
				4B363C852607D48A008CBEAC /* GitHubMapper.swift in Sources */,
				4B363C6B2607AAEB008CBEAC /* ElementDetailsViewController.swift in Sources */,
				4B363C562607AA0E008CBEAC /* APIRouter.swift in Sources */,
				4B363C2D26078F9B008CBEAC /* AppDelegate.swift in Sources */,
				4B363C2F26078F9B008CBEAC /* SceneDelegate.swift in Sources */,
			);
			runOnlyForDeploymentPostprocessing = 0;
		};
/* End PBXSourcesBuildPhase section */

/* Begin PBXVariantGroup section */
		4B363C3226078F9B008CBEAC /* Main.storyboard */ = {
			isa = PBXVariantGroup;
			children = (
				4B363C3326078F9B008CBEAC /* Base */,
			);
			name = Main.storyboard;
			sourceTree = "<group>";
		};
		4B363C3726078F9E008CBEAC /* LaunchScreen.storyboard */ = {
			isa = PBXVariantGroup;
			children = (
				4B363C3826078F9E008CBEAC /* Base */,
			);
			name = LaunchScreen.storyboard;
			sourceTree = "<group>";
		};
/* End PBXVariantGroup section */

/* Begin XCBuildConfiguration section */
		4B363C3B26078F9E008CBEAC /* Debug */ = {
			isa = XCBuildConfiguration;
			buildSettings = {
				ALWAYS_SEARCH_USER_PATHS = NO;
				CLANG_ANALYZER_NONNULL = YES;
				CLANG_ANALYZER_NUMBER_OBJECT_CONVERSION = YES_AGGRESSIVE;
				CLANG_CXX_LANGUAGE_STANDARD = "gnu++14";
				CLANG_CXX_LIBRARY = "libc++";
				CLANG_ENABLE_MODULES = YES;
				CLANG_ENABLE_OBJC_ARC = YES;
				CLANG_ENABLE_OBJC_WEAK = YES;
				CLANG_WARN_BLOCK_CAPTURE_AUTORELEASING = YES;
				CLANG_WARN_BOOL_CONVERSION = YES;
				CLANG_WARN_COMMA = YES;
				CLANG_WARN_CONSTANT_CONVERSION = YES;
				CLANG_WARN_DEPRECATED_OBJC_IMPLEMENTATIONS = YES;
				CLANG_WARN_DIRECT_OBJC_ISA_USAGE = YES_ERROR;
				CLANG_WARN_DOCUMENTATION_COMMENTS = YES;
				CLANG_WARN_EMPTY_BODY = YES;
				CLANG_WARN_ENUM_CONVERSION = YES;
				CLANG_WARN_INFINITE_RECURSION = YES;
				CLANG_WARN_INT_CONVERSION = YES;
				CLANG_WARN_NON_LITERAL_NULL_CONVERSION = YES;
				CLANG_WARN_OBJC_IMPLICIT_RETAIN_SELF = YES;
				CLANG_WARN_OBJC_LITERAL_CONVERSION = YES;
				CLANG_WARN_OBJC_ROOT_CLASS = YES_ERROR;
				CLANG_WARN_QUOTED_INCLUDE_IN_FRAMEWORK_HEADER = YES;
				CLANG_WARN_RANGE_LOOP_ANALYSIS = YES;
				CLANG_WARN_STRICT_PROTOTYPES = YES;
				CLANG_WARN_SUSPICIOUS_MOVE = YES;
				CLANG_WARN_UNGUARDED_AVAILABILITY = YES_AGGRESSIVE;
				CLANG_WARN_UNREACHABLE_CODE = YES;
				CLANG_WARN__DUPLICATE_METHOD_MATCH = YES;
				COPY_PHASE_STRIP = NO;
				DEBUG_INFORMATION_FORMAT = dwarf;
				ENABLE_STRICT_OBJC_MSGSEND = YES;
				ENABLE_TESTABILITY = YES;
				GCC_C_LANGUAGE_STANDARD = gnu11;
				GCC_DYNAMIC_NO_PIC = NO;
				GCC_NO_COMMON_BLOCKS = YES;
				GCC_OPTIMIZATION_LEVEL = 0;
				GCC_PREPROCESSOR_DEFINITIONS = (
					"DEBUG=1",
					"$(inherited)",
				);
				GCC_WARN_64_TO_32_BIT_CONVERSION = YES;
				GCC_WARN_ABOUT_RETURN_TYPE = YES_ERROR;
				GCC_WARN_UNDECLARED_SELECTOR = YES;
				GCC_WARN_UNINITIALIZED_AUTOS = YES_AGGRESSIVE;
				GCC_WARN_UNUSED_FUNCTION = YES;
				GCC_WARN_UNUSED_VARIABLE = YES;
				IPHONEOS_DEPLOYMENT_TARGET = 14.4;
				MTL_ENABLE_DEBUG_INFO = INCLUDE_SOURCE;
				MTL_FAST_MATH = YES;
				ONLY_ACTIVE_ARCH = YES;
				SDKROOT = iphoneos;
				SWIFT_ACTIVE_COMPILATION_CONDITIONS = DEBUG;
				SWIFT_OPTIMIZATION_LEVEL = "-Onone";
			};
			name = Debug;
		};
		4B363C3C26078F9E008CBEAC /* Release */ = {
			isa = XCBuildConfiguration;
			buildSettings = {
				ALWAYS_SEARCH_USER_PATHS = NO;
				CLANG_ANALYZER_NONNULL = YES;
				CLANG_ANALYZER_NUMBER_OBJECT_CONVERSION = YES_AGGRESSIVE;
				CLANG_CXX_LANGUAGE_STANDARD = "gnu++14";
				CLANG_CXX_LIBRARY = "libc++";
				CLANG_ENABLE_MODULES = YES;
				CLANG_ENABLE_OBJC_ARC = YES;
				CLANG_ENABLE_OBJC_WEAK = YES;
				CLANG_WARN_BLOCK_CAPTURE_AUTORELEASING = YES;
				CLANG_WARN_BOOL_CONVERSION = YES;
				CLANG_WARN_COMMA = YES;
				CLANG_WARN_CONSTANT_CONVERSION = YES;
				CLANG_WARN_DEPRECATED_OBJC_IMPLEMENTATIONS = YES;
				CLANG_WARN_DIRECT_OBJC_ISA_USAGE = YES_ERROR;
				CLANG_WARN_DOCUMENTATION_COMMENTS = YES;
				CLANG_WARN_EMPTY_BODY = YES;
				CLANG_WARN_ENUM_CONVERSION = YES;
				CLANG_WARN_INFINITE_RECURSION = YES;
				CLANG_WARN_INT_CONVERSION = YES;
				CLANG_WARN_NON_LITERAL_NULL_CONVERSION = YES;
				CLANG_WARN_OBJC_IMPLICIT_RETAIN_SELF = YES;
				CLANG_WARN_OBJC_LITERAL_CONVERSION = YES;
				CLANG_WARN_OBJC_ROOT_CLASS = YES_ERROR;
				CLANG_WARN_QUOTED_INCLUDE_IN_FRAMEWORK_HEADER = YES;
				CLANG_WARN_RANGE_LOOP_ANALYSIS = YES;
				CLANG_WARN_STRICT_PROTOTYPES = YES;
				CLANG_WARN_SUSPICIOUS_MOVE = YES;
				CLANG_WARN_UNGUARDED_AVAILABILITY = YES_AGGRESSIVE;
				CLANG_WARN_UNREACHABLE_CODE = YES;
				CLANG_WARN__DUPLICATE_METHOD_MATCH = YES;
				COPY_PHASE_STRIP = NO;
				DEBUG_INFORMATION_FORMAT = "dwarf-with-dsym";
				ENABLE_NS_ASSERTIONS = NO;
				ENABLE_STRICT_OBJC_MSGSEND = YES;
				GCC_C_LANGUAGE_STANDARD = gnu11;
				GCC_NO_COMMON_BLOCKS = YES;
				GCC_WARN_64_TO_32_BIT_CONVERSION = YES;
				GCC_WARN_ABOUT_RETURN_TYPE = YES_ERROR;
				GCC_WARN_UNDECLARED_SELECTOR = YES;
				GCC_WARN_UNINITIALIZED_AUTOS = YES_AGGRESSIVE;
				GCC_WARN_UNUSED_FUNCTION = YES;
				GCC_WARN_UNUSED_VARIABLE = YES;
				IPHONEOS_DEPLOYMENT_TARGET = 14.4;
				MTL_ENABLE_DEBUG_INFO = NO;
				MTL_FAST_MATH = YES;
				SDKROOT = iphoneos;
				SWIFT_COMPILATION_MODE = wholemodule;
				SWIFT_OPTIMIZATION_LEVEL = "-O";
				VALIDATE_PRODUCT = YES;
			};
			name = Release;
		};
		4B363C3E26078F9E008CBEAC /* Debug */ = {
			isa = XCBuildConfiguration;
			buildSettings = {
				ASSETCATALOG_COMPILER_APPICON_NAME = AppIcon;
				ASSETCATALOG_COMPILER_GLOBAL_ACCENT_COLOR_NAME = AccentColor;
				CODE_SIGN_STYLE = Automatic;
				DEVELOPMENT_TEAM = JWYC5RANS6;
				INFOPLIST_FILE = RepositoryList/Info.plist;
				LD_RUNPATH_SEARCH_PATHS = (
					"$(inherited)",
					"@executable_path/Frameworks",
				);
				PRODUCT_BUNDLE_IDENTIFIER = com.kuldarya.RepositoryList;
				PRODUCT_NAME = "$(TARGET_NAME)";
				SWIFT_VERSION = 5.0;
				TARGETED_DEVICE_FAMILY = "1,2";
			};
			name = Debug;
		};
		4B363C3F26078F9E008CBEAC /* Release */ = {
			isa = XCBuildConfiguration;
			buildSettings = {
				ASSETCATALOG_COMPILER_APPICON_NAME = AppIcon;
				ASSETCATALOG_COMPILER_GLOBAL_ACCENT_COLOR_NAME = AccentColor;
				CODE_SIGN_STYLE = Automatic;
				DEVELOPMENT_TEAM = JWYC5RANS6;
				INFOPLIST_FILE = RepositoryList/Info.plist;
				LD_RUNPATH_SEARCH_PATHS = (
					"$(inherited)",
					"@executable_path/Frameworks",
				);
				PRODUCT_BUNDLE_IDENTIFIER = com.kuldarya.RepositoryList;
				PRODUCT_NAME = "$(TARGET_NAME)";
				SWIFT_VERSION = 5.0;
				TARGETED_DEVICE_FAMILY = "1,2";
			};
			name = Release;
		};
/* End XCBuildConfiguration section */

/* Begin XCConfigurationList section */
		4B363C2426078F9B008CBEAC /* Build configuration list for PBXProject "RepositoryList" */ = {
			isa = XCConfigurationList;
			buildConfigurations = (
				4B363C3B26078F9E008CBEAC /* Debug */,
				4B363C3C26078F9E008CBEAC /* Release */,
			);
			defaultConfigurationIsVisible = 0;
			defaultConfigurationName = Release;
		};
		4B363C3D26078F9E008CBEAC /* Build configuration list for PBXNativeTarget "RepositoryList" */ = {
			isa = XCConfigurationList;
			buildConfigurations = (
				4B363C3E26078F9E008CBEAC /* Debug */,
				4B363C3F26078F9E008CBEAC /* Release */,
			);
			defaultConfigurationIsVisible = 0;
			defaultConfigurationName = Release;
		};
/* End XCConfigurationList section */
	};
	rootObject = 4B363C2126078F9B008CBEAC /* Project object */;
}
